// !$*UTF8*$!
{
	archiveVersion = 1;
	classes = {
	};
	objectVersion = 77;
	objects = {

/* Begin PBXBuildFile section */
		7F4EC5D62F47AA9600493A93 /* Alamofire in Frameworks */ = {isa = PBXBuildFile; productRef = 7F4EC5D52F47AA9600493A93 /* Alamofire */; };
/* End PBXBuildFile section */

/* Begin PBXContainerItemProxy section */
		7FEF9EFF2F45C6E900562349 /* PBXContainerItemProxy */ = {
			isa = PBXContainerItemProxy;
			containerPortal = 7FEF9EE02F45C6E700562349 /* Project object */;
			proxyType = 1;
			remoteGlobalIDString = 7FEF9EE72F45C6E700562349;
			remoteInfo = SelectMovie;
		};
		7FEF9F092F45C6E900562349 /* PBXContainerItemProxy */ = {
			isa = PBXContainerItemProxy;
			containerPortal = 7FEF9EE02F45C6E700562349 /* Project object */;
			proxyType = 1;
			remoteGlobalIDString = 7FEF9EE72F45C6E700562349;
			remoteInfo = SelectMovie;
		};
/* End PBXContainerItemProxy section */

/* Begin PBXFileReference section */
		7FEF9EE82F45C6E700562349 /* SelectMovie.app */ = {isa = PBXFileReference; explicitFileType = wrapper.application; includeInIndex = 0; path = SelectMovie.app; sourceTree = BUILT_PRODUCTS_DIR; };
		7FEF9EFE2F45C6E900562349 /* SelectMovieTests.xctest */ = {isa = PBXFileReference; explicitFileType = wrapper.cfbundle; includeInIndex = 0; path = SelectMovieTests.xctest; sourceTree = BUILT_PRODUCTS_DIR; };
		7FEF9F082F45C6E900562349 /* SelectMovieUITests.xctest */ = {isa = PBXFileReference; explicitFileType = wrapper.cfbundle; includeInIndex = 0; path = SelectMovieUITests.xctest; sourceTree = BUILT_PRODUCTS_DIR; };
/* End PBXFileReference section */

/* Begin PBXFileSystemSynchronizedBuildFileExceptionSet section */
		7FEF9F102F45C6E900562349 /* Exceptions for "SelectMovie" folder in "SelectMovie" target */ = {
			isa = PBXFileSystemSynchronizedBuildFileExceptionSet;
			membershipExceptions = (
				Info.plist,
			);
			target = 7FEF9EE72F45C6E700562349 /* SelectMovie */;
		};
/* End PBXFileSystemSynchronizedBuildFileExceptionSet section */

/* Begin PBXFileSystemSynchronizedRootGroup section */
		7FEF9EEA2F45C6E700562349 /* SelectMovie */ = {
			isa = PBXFileSystemSynchronizedRootGroup;
			exceptions = (
				7FEF9F102F45C6E900562349 /* Exceptions for "SelectMovie" folder in "SelectMovie" target */,
			);
			path = SelectMovie;
			sourceTree = "<group>";
		};
		7FEF9F012F45C6E900562349 /* SelectMovieTests */ = {
			isa = PBXFileSystemSynchronizedRootGroup;
			path = SelectMovieTests;
			sourceTree = "<group>";
		};
		7FEF9F0B2F45C6E900562349 /* SelectMovieUITests */ = {
			isa = PBXFileSystemSynchronizedRootGroup;
			path = SelectMovieUITests;
			sourceTree = "<group>";
		};
/* End PBXFileSystemSynchronizedRootGroup section */

/* Begin PBXFrameworksBuildPhase section */
		7FEF9EE52F45C6E700562349 /* Frameworks */ = {
			isa = PBXFrameworksBuildPhase;
			buildActionMask = 2147483647;
			files = (
				7F4EC5D62F47AA9600493A93 /* Alamofire in Frameworks */,
			);
			runOnlyForDeploymentPostprocessing = 0;
		};
		7FEF9EFB2F45C6E900562349 /* Frameworks */ = {
			isa = PBXFrameworksBuildPhase;
			buildActionMask = 2147483647;
			files = (
			);
			runOnlyForDeploymentPostprocessing = 0;
		};
		7FEF9F052F45C6E900562349 /* Frameworks */ = {
			isa = PBXFrameworksBuildPhase;
			buildActionMask = 2147483647;
			files = (
			);
			runOnlyForDeploymentPostprocessing = 0;
		};
/* End PBXFrameworksBuildPhase section */

/* Begin PBXGroup section */
		7FEF9EDF2F45C6E700562349 = {
			isa = PBXGroup;
			children = (
				7FEF9EEA2F45C6E700562349 /* SelectMovie */,
				7FEF9F012F45C6E900562349 /* SelectMovieTests */,
				7FEF9F0B2F45C6E900562349 /* SelectMovieUITests */,
				7FEF9EE92F45C6E700562349 /* Products */,
			);
			sourceTree = "<group>";
		};
		7FEF9EE92F45C6E700562349 /* Products */ = {
			isa = PBXGroup;
			children = (
				7FEF9EE82F45C6E700562349 /* SelectMovie.app */,
				7FEF9EFE2F45C6E900562349 /* SelectMovieTests.xctest */,
				7FEF9F082F45C6E900562349 /* SelectMovieUITests.xctest */,
			);
			name = Products;
			sourceTree = "<group>";
		};
/* End PBXGroup section */

/* Begin PBXNativeTarget section */
		7FEF9EE72F45C6E700562349 /* SelectMovie */ = {
			isa = PBXNativeTarget;
			buildConfigurationList = 7FEF9F112F45C6E900562349 /* Build configuration list for PBXNativeTarget "SelectMovie" */;
			buildPhases = (
				7FEF9EE42F45C6E700562349 /* Sources */,
				7FEF9EE52F45C6E700562349 /* Frameworks */,
				7FEF9EE62F45C6E700562349 /* Resources */,
			);
			buildRules = (
			);
			dependencies = (
			);
			fileSystemSynchronizedGroups = (
				7FEF9EEA2F45C6E700562349 /* SelectMovie */,
			);
			name = SelectMovie;
			packageProductDependencies = (
				7F4EC5D52F47AA9600493A93 /* Alamofire */,
				7F4EC5D72F47AA9600493A93 /* AlamofireDynamic */,
			);
			productName = SelectMovie;
			productReference = 7FEF9EE82F45C6E700562349 /* SelectMovie.app */;
			productType = "com.apple.product-type.application";
		};
		7FEF9EFD2F45C6E900562349 /* SelectMovieTests */ = {
			isa = PBXNativeTarget;
			buildConfigurationList = 7FEF9F162F45C6E900562349 /* Build configuration list for PBXNativeTarget "SelectMovieTests" */;
			buildPhases = (
				7FEF9EFA2F45C6E900562349 /* Sources */,
				7FEF9EFB2F45C6E900562349 /* Frameworks */,
				7FEF9EFC2F45C6E900562349 /* Resources */,
			);
			buildRules = (
			);
			dependencies = (
				7FEF9F002F45C6E900562349 /* PBXTargetDependency */,
			);
			fileSystemSynchronizedGroups = (
				7FEF9F012F45C6E900562349 /* SelectMovieTests */,
			);
			name = SelectMovieTests;
			packageProductDependencies = (
			);
			productName = SelectMovieTests;
			productReference = 7FEF9EFE2F45C6E900562349 /* SelectMovieTests.xctest */;
			productType = "com.apple.product-type.bundle.unit-test";
		};
		7FEF9F072F45C6E900562349 /* SelectMovieUITests */ = {
			isa = PBXNativeTarget;
			buildConfigurationList = 7FEF9F192F45C6E900562349 /* Build configuration list for PBXNativeTarget "SelectMovieUITests" */;
			buildPhases = (
				7FEF9F042F45C6E900562349 /* Sources */,
				7FEF9F052F45C6E900562349 /* Frameworks */,
				7FEF9F062F45C6E900562349 /* Resources */,
			);
			buildRules = (
			);
			dependencies = (
				7FEF9F0A2F45C6E900562349 /* PBXTargetDependency */,
			);
			fileSystemSynchronizedGroups = (
				7FEF9F0B2F45C6E900562349 /* SelectMovieUITests */,
			);
			name = SelectMovieUITests;
			packageProductDependencies = (
			);
			productName = SelectMovieUITests;
			productReference = 7FEF9F082F45C6E900562349 /* SelectMovieUITests.xctest */;
			productType = "com.apple.product-type.bundle.ui-testing";
		};
/* End PBXNativeTarget section */

/* Begin PBXProject section */
		7FEF9EE02F45C6E700562349 /* Project object */ = {
			isa = PBXProject;
			attributes = {
				BuildIndependentTargetsInParallel = 1;
				LastSwiftUpdateCheck = 2600;
				LastUpgradeCheck = 2600;
				TargetAttributes = {
					7FEF9EE72F45C6E700562349 = {
						CreatedOnToolsVersion = 26.0;
					};
					7FEF9EFD2F45C6E900562349 = {
						CreatedOnToolsVersion = 26.0;
						TestTargetID = 7FEF9EE72F45C6E700562349;
					};
					7FEF9F072F45C6E900562349 = {
						CreatedOnToolsVersion = 26.0;
						TestTargetID = 7FEF9EE72F45C6E700562349;
					};
				};
			};
			buildConfigurationList = 7FEF9EE32F45C6E700562349 /* Build configuration list for PBXProject "SelectMovie" */;
			developmentRegion = en;
			hasScannedForEncodings = 0;
			knownRegions = (
				en,
				Base,
			);
			mainGroup = 7FEF9EDF2F45C6E700562349;
			minimizedProjectReferenceProxies = 1;
			packageReferences = (
				7F4EC5D42F47AA9600493A93 /* XCRemoteSwiftPackageReference "Alamofire" */,
			);
			preferredProjectObjectVersion = 77;
			productRefGroup = 7FEF9EE92F45C6E700562349 /* Products */;
			projectDirPath = "";
			projectRoot = "";
			targets = (
				7FEF9EE72F45C6E700562349 /* SelectMovie */,
				7FEF9EFD2F45C6E900562349 /* SelectMovieTests */,
				7FEF9F072F45C6E900562349 /* SelectMovieUITests */,
			);
		};
/* End PBXProject section */

/* Begin PBXResourcesBuildPhase section */
		7FEF9EE62F45C6E700562349 /* Resources */ = {
			isa = PBXResourcesBuildPhase;
			buildActionMask = 2147483647;
			files = (
			);
			runOnlyForDeploymentPostprocessing = 0;
		};
		7FEF9EFC2F45C6E900562349 /* Resources */ = {
			isa = PBXResourcesBuildPhase;
			buildActionMask = 2147483647;
			files = (
			);
			runOnlyForDeploymentPostprocessing = 0;
		};
		7FEF9F062F45C6E900562349 /* Resources */ = {
			isa = PBXResourcesBuildPhase;
			buildActionMask = 2147483647;
			files = (
			);
			runOnlyForDeploymentPostprocessing = 0;
		};
/* End PBXResourcesBuildPhase section */

/* Begin PBXSourcesBuildPhase section */
		7FEF9EE42F45C6E700562349 /* Sources */ = {
			isa = PBXSourcesBuildPhase;
			buildActionMask = 2147483647;
			files = (
			);
			runOnlyForDeploymentPostprocessing = 0;
		};
		7FEF9EFA2F45C6E900562349 /* Sources */ = {
			isa = PBXSourcesBuildPhase;
			buildActionMask = 2147483647;
			files = (
			);
			runOnlyForDeploymentPostprocessing = 0;
		};
		7FEF9F042F45C6E900562349 /* Sources */ = {
			isa = PBXSourcesBuildPhase;
			buildActionMask = 2147483647;
			files = (
			);
			runOnlyForDeploymentPostprocessing = 0;
		};
/* End PBXSourcesBuildPhase section */

/* Begin PBXTargetDependency section */
		7FEF9F002F45C6E900562349 /* PBXTargetDependency */ = {
			isa = PBXTargetDependency;
			target = 7FEF9EE72F45C6E700562349 /* SelectMovie */;
			targetProxy = 7FEF9EFF2F45C6E900562349 /* PBXContainerItemProxy */;
		};
		7FEF9F0A2F45C6E900562349 /* PBXTargetDependency */ = {
			isa = PBXTargetDependency;
			target = 7FEF9EE72F45C6E700562349 /* SelectMovie */;
			targetProxy = 7FEF9F092F45C6E900562349 /* PBXContainerItemProxy */;
		};
/* End PBXTargetDependency section */

/* Begin XCBuildConfiguration section */
		7FEF9F122F45C6E900562349 /* Debug */ = {
			isa = XCBuildConfiguration;
			buildSettings = {
				ASSETCATALOG_COMPILER_APPICON_NAME = AppIcon;
				ASSETCATALOG_COMPILER_GLOBAL_ACCENT_COLOR_NAME = AccentColor;
				CODE_SIGN_STYLE = Automatic;
				CURRENT_PROJECT_VERSION = 1;
				DEVELOPMENT_TEAM = PMH4BMTLXF;
				GENERATE_INFOPLIST_FILE = YES;
				INFOPLIST_FILE = SelectMovie/Info.plist;
				INFOPLIST_KEY_UIApplicationSupportsIndirectInputEvents = YES;
				INFOPLIST_KEY_UILaunchStoryboardName = LaunchScreen;
				INFOPLIST_KEY_UIMainStoryboardFile = Main;
				INFOPLIST_KEY_UISupportedInterfaceOrientations_iPad = "UIInterfaceOrientationPortrait UIInterfaceOrientationPortraitUpsideDown UIInterfaceOrientationLandscapeLeft UIInterfaceOrientationLandscapeRight";
				INFOPLIST_KEY_UISupportedInterfaceOrientations_iPhone = "UIInterfaceOrientationPortrait UIInterfaceOrientationLandscapeLeft UIInterfaceOrientationLandscapeRight";
				LD_RUNPATH_SEARCH_PATHS = (
					"$(inherited)",
					"@executable_path/Frameworks",
				);
				MARKETING_VERSION = 1.0;
				PRODUCT_BUNDLE_IDENTIFIER = tejas.SelectMovie;
				PRODUCT_NAME = "$(TARGET_NAME)";
				STRING_CATALOG_GENERATE_SYMBOLS = YES;
				SWIFT_APPROACHABLE_CONCURRENCY = YES;
				SWIFT_EMIT_LOC_STRINGS = YES;
				SWIFT_UPCOMING_FEATURE_MEMBER_IMPORT_VISIBILITY = YES;
				SWIFT_VERSION = 5.0;
				TARGETED_DEVICE_FAMILY = "1,2";
			};
			name = Debug;
		};
		7FEF9F132F45C6E900562349 /* Release */ = {
			isa = XCBuildConfiguration;
			buildSettings = {
				ASSETCATALOG_COMPILER_APPICON_NAME = AppIcon;
				ASSETCATALOG_COMPILER_GLOBAL_ACCENT_COLOR_NAME = AccentColor;
				CODE_SIGN_STYLE = Automatic;
				CURRENT_PROJECT_VERSION = 1;
				DEVELOPMENT_TEAM = PMH4BMTLXF;
				GENERATE_INFOPLIST_FILE = YES;
				INFOPLIST_FILE = SelectMovie/Info.plist;
				INFOPLIST_KEY_UIApplicationSupportsIndirectInputEvents = YES;
				INFOPLIST_KEY_UILaunchStoryboardName = LaunchScreen;
				INFOPLIST_KEY_UIMainStoryboardFile = Main;
				INFOPLIST_KEY_UISupportedInterfaceOrientations_iPad = "UIInterfaceOrientationPortrait UIInterfaceOrientationPortraitUpsideDown UIInterfaceOrientationLandscapeLeft UIInterfaceOrientationLandscapeRight";
				INFOPLIST_KEY_UISupportedInterfaceOrientations_iPhone = "UIInterfaceOrientationPortrait UIInterfaceOrientationLandscapeLeft UIInterfaceOrientationLandscapeRight";
				LD_RUNPATH_SEARCH_PATHS = (
					"$(inherited)",
					"@executable_path/Frameworks",
				);
				MARKETING_VERSION = 1.0;
				PRODUCT_BUNDLE_IDENTIFIER = tejas.SelectMovie;
				PRODUCT_NAME = "$(TARGET_NAME)";
				STRING_CATALOG_GENERATE_SYMBOLS = YES;
				SWIFT_APPROACHABLE_CONCURRENCY = YES;
				SWIFT_EMIT_LOC_STRINGS = YES;
				SWIFT_UPCOMING_FEATURE_MEMBER_IMPORT_VISIBILITY = YES;
				SWIFT_VERSION = 5.0;
				TARGETED_DEVICE_FAMILY = "1,2";
			};
			name = Release;
		};
		7FEF9F142F45C6E900562349 /* Debug */ = {
			isa = XCBuildConfiguration;
			buildSettings = {
				ALWAYS_SEARCH_USER_PATHS = NO;
				ASSETCATALOG_COMPILER_GENERATE_SWIFT_ASSET_SYMBOL_EXTENSIONS = YES;
				CLANG_ANALYZER_NONNULL = YES;
				CLANG_ANALYZER_NUMBER_OBJECT_CONVERSION = YES_AGGRESSIVE;
				CLANG_CXX_LANGUAGE_STANDARD = "gnu++20";
				CLANG_ENABLE_MODULES = YES;
				CLANG_ENABLE_OBJC_ARC = YES;
				CLANG_ENABLE_OBJC_WEAK = YES;
				CLANG_WARN_BLOCK_CAPTURE_AUTORELEASING = YES;
				CLANG_WARN_BOOL_CONVERSION = YES;
				CLANG_WARN_COMMA = YES;
				CLANG_WARN_CONSTANT_CONVERSION = YES;
				CLANG_WARN_DEPRECATED_OBJC_IMPLEMENTATIONS = YES;
				CLANG_WARN_DIRECT_OBJC_ISA_USAGE = YES_ERROR;
				CLANG_WARN_DOCUMENTATION_COMMENTS = YES;
				CLANG_WARN_EMPTY_BODY = YES;
				CLANG_WARN_ENUM_CONVERSION = YES;
				CLANG_WARN_INFINITE_RECURSION = YES;
				CLANG_WARN_INT_CONVERSION = YES;
				CLANG_WARN_NON_LITERAL_NULL_CONVERSION = YES;
				CLANG_WARN_OBJC_IMPLICIT_RETAIN_SELF = YES;
				CLANG_WARN_OBJC_LITERAL_CONVERSION = YES;
				CLANG_WARN_OBJC_ROOT_CLASS = YES_ERROR;
				CLANG_WARN_QUOTED_INCLUDE_IN_FRAMEWORK_HEADER = YES;
				CLANG_WARN_RANGE_LOOP_ANALYSIS = YES;
				CLANG_WARN_STRICT_PROTOTYPES = YES;
				CLANG_WARN_SUSPICIOUS_MOVE = YES;
				CLANG_WARN_UNGUARDED_AVAILABILITY = YES_AGGRESSIVE;
				CLANG_WARN_UNREACHABLE_CODE = YES;
				CLANG_WARN__DUPLICATE_METHOD_MATCH = YES;
				COPY_PHASE_STRIP = NO;
				DEBUG_INFORMATION_FORMAT = dwarf;
				DEVELOPMENT_TEAM = PMH4BMTLXF;
				ENABLE_STRICT_OBJC_MSGSEND = YES;
				ENABLE_TESTABILITY = YES;
				ENABLE_USER_SCRIPT_SANDBOXING = YES;
				GCC_C_LANGUAGE_STANDARD = gnu17;
				GCC_DYNAMIC_NO_PIC = NO;
				GCC_NO_COMMON_BLOCKS = YES;
				GCC_OPTIMIZATION_LEVEL = 0;
				GCC_PREPROCESSOR_DEFINITIONS = (
					"DEBUG=1",
					"$(inherited)",
				);
				GCC_WARN_64_TO_32_BIT_CONVERSION = YES;
				GCC_WARN_ABOUT_RETURN_TYPE = YES_ERROR;
				GCC_WARN_UNDECLARED_SELECTOR = YES;
				GCC_WARN_UNINITIALIZED_AUTOS = YES_AGGRESSIVE;
				GCC_WARN_UNUSED_FUNCTION = YES;
				GCC_WARN_UNUSED_VARIABLE = YES;
				IPHONEOS_DEPLOYMENT_TARGET = 26.0;
				LOCALIZATION_PREFERS_STRING_CATALOGS = YES;
				MTL_ENABLE_DEBUG_INFO = INCLUDE_SOURCE;
				MTL_FAST_MATH = YES;
				ONLY_ACTIVE_ARCH = YES;
				SDKROOT = iphoneos;
				SWIFT_ACTIVE_COMPILATION_CONDITIONS = "DEBUG $(inherited)";
				SWIFT_DEFAULT_ACTOR_ISOLATION = nonisolated;
				SWIFT_OPTIMIZATION_LEVEL = "-Onone";
				SWIFT_STRICT_CONCURRENCY = minimal;
				SWIFT_VERSION = 5.0;
			};
			name = Debug;
		};
		7FEF9F152F45C6E900562349 /* Release */ = {
			isa = XCBuildConfiguration;
			buildSettings = {
				ALWAYS_SEARCH_USER_PATHS = NO;
				ASSETCATALOG_COMPILER_GENERATE_SWIFT_ASSET_SYMBOL_EXTENSIONS = YES;
				CLANG_ANALYZER_NONNULL = YES;
				CLANG_ANALYZER_NUMBER_OBJECT_CONVERSION = YES_AGGRESSIVE;
				CLANG_CXX_LANGUAGE_STANDARD = "gnu++20";
				CLANG_ENABLE_MODULES = YES;
				CLANG_ENABLE_OBJC_ARC = YES;
				CLANG_ENABLE_OBJC_WEAK = YES;
				CLANG_WARN_BLOCK_CAPTURE_AUTORELEASING = YES;
				CLANG_WARN_BOOL_CONVERSION = YES;
				CLANG_WARN_COMMA = YES;
				CLANG_WARN_CONSTANT_CONVERSION = YES;
				CLANG_WARN_DEPRECATED_OBJC_IMPLEMENTATIONS = YES;
				CLANG_WARN_DIRECT_OBJC_ISA_USAGE = YES_ERROR;
				CLANG_WARN_DOCUMENTATION_COMMENTS = YES;
				CLANG_WARN_EMPTY_BODY = YES;
				CLANG_WARN_ENUM_CONVERSION = YES;
				CLANG_WARN_INFINITE_RECURSION = YES;
				CLANG_WARN_INT_CONVERSION = YES;
				CLANG_WARN_NON_LITERAL_NULL_CONVERSION = YES;
				CLANG_WARN_OBJC_IMPLICIT_RETAIN_SELF = YES;
				CLANG_WARN_OBJC_LITERAL_CONVERSION = YES;
				CLANG_WARN_OBJC_ROOT_CLASS = YES_ERROR;
				CLANG_WARN_QUOTED_INCLUDE_IN_FRAMEWORK_HEADER = YES;
				CLANG_WARN_RANGE_LOOP_ANALYSIS = YES;
				CLANG_WARN_STRICT_PROTOTYPES = YES;
				CLANG_WARN_SUSPICIOUS_MOVE = YES;
				CLANG_WARN_UNGUARDED_AVAILABILITY = YES_AGGRESSIVE;
				CLANG_WARN_UNREACHABLE_CODE = YES;
				CLANG_WARN__DUPLICATE_METHOD_MATCH = YES;
				COPY_PHASE_STRIP = NO;
				DEBUG_INFORMATION_FORMAT = "dwarf-with-dsym";
				DEVELOPMENT_TEAM = PMH4BMTLXF;
				ENABLE_NS_ASSERTIONS = NO;
				ENABLE_STRICT_OBJC_MSGSEND = YES;
				ENABLE_USER_SCRIPT_SANDBOXING = YES;
				GCC_C_LANGUAGE_STANDARD = gnu17;
				GCC_NO_COMMON_BLOCKS = YES;
				GCC_WARN_64_TO_32_BIT_CONVERSION = YES;
				GCC_WARN_ABOUT_RETURN_TYPE = YES_ERROR;
				GCC_WARN_UNDECLARED_SELECTOR = YES;
				GCC_WARN_UNINITIALIZED_AUTOS = YES_AGGRESSIVE;
				GCC_WARN_UNUSED_FUNCTION = YES;
				GCC_WARN_UNUSED_VARIABLE = YES;
				IPHONEOS_DEPLOYMENT_TARGET = 26.0;
				LOCALIZATION_PREFERS_STRING_CATALOGS = YES;
				MTL_ENABLE_DEBUG_INFO = NO;
				MTL_FAST_MATH = YES;
				SDKROOT = iphoneos;
				SWIFT_COMPILATION_MODE = wholemodule;
				SWIFT_DEFAULT_ACTOR_ISOLATION = nonisolated;
				SWIFT_STRICT_CONCURRENCY = minimal;
				SWIFT_VERSION = 5.0;
				VALIDATE_PRODUCT = YES;
			};
			name = Release;
		};
		7FEF9F172F45C6E900562349 /* Debug */ = {
			isa = XCBuildConfiguration;
			buildSettings = {
				BUNDLE_LOADER = "$(TEST_HOST)";
				CODE_SIGN_STYLE = Automatic;
				CURRENT_PROJECT_VERSION = 1;
				DEVELOPMENT_TEAM = PMH4BMTLXF;
				GENERATE_INFOPLIST_FILE = YES;
				IPHONEOS_DEPLOYMENT_TARGET = 26.0;
				MARKETING_VERSION = 1.0;
				PRODUCT_BUNDLE_IDENTIFIER = tejas.SelectMovieTests;
				PRODUCT_NAME = "$(TARGET_NAME)";
				STRING_CATALOG_GENERATE_SYMBOLS = NO;
				SWIFT_APPROACHABLE_CONCURRENCY = YES;
				SWIFT_EMIT_LOC_STRINGS = NO;
				SWIFT_UPCOMING_FEATURE_MEMBER_IMPORT_VISIBILITY = YES;
				SWIFT_VERSION = 5.0;
				TARGETED_DEVICE_FAMILY = "1,2";
				TEST_HOST = "$(BUILT_PRODUCTS_DIR)/SelectMovie.app/$(BUNDLE_EXECUTABLE_FOLDER_PATH)/SelectMovie";
			};
			name = Debug;
		};
		7FEF9F182F45C6E900562349 /* Release */ = {
			isa = XCBuildConfiguration;
			buildSettings = {
				BUNDLE_LOADER = "$(TEST_HOST)";
				CODE_SIGN_STYLE = Automatic;
				CURRENT_PROJECT_VERSION = 1;
				DEVELOPMENT_TEAM = PMH4BMTLXF;
				GENERATE_INFOPLIST_FILE = YES;
				IPHONEOS_DEPLOYMENT_TARGET = 26.0;
				MARKETING_VERSION = 1.0;
				PRODUCT_BUNDLE_IDENTIFIER = tejas.SelectMovieTests;
				PRODUCT_NAME = "$(TARGET_NAME)";
				STRING_CATALOG_GENERATE_SYMBOLS = NO;
				SWIFT_APPROACHABLE_CONCURRENCY = YES;
				SWIFT_EMIT_LOC_STRINGS = NO;
				SWIFT_UPCOMING_FEATURE_MEMBER_IMPORT_VISIBILITY = YES;
				SWIFT_VERSION = 5.0;
				TARGETED_DEVICE_FAMILY = "1,2";
				TEST_HOST = "$(BUILT_PRODUCTS_DIR)/SelectMovie.app/$(BUNDLE_EXECUTABLE_FOLDER_PATH)/SelectMovie";
			};
			name = Release;
		};
		7FEF9F1A2F45C6E900562349 /* Debug */ = {
			isa = XCBuildConfiguration;
			buildSettings = {
				CODE_SIGN_STYLE = Automatic;
				CURRENT_PROJECT_VERSION = 1;
				DEVELOPMENT_TEAM = PMH4BMTLXF;
				GENERATE_INFOPLIST_FILE = YES;
				MARKETING_VERSION = 1.0;
				PRODUCT_BUNDLE_IDENTIFIER = tejas.SelectMovieUITests;
				PRODUCT_NAME = "$(TARGET_NAME)";
				STRING_CATALOG_GENERATE_SYMBOLS = NO;
				SWIFT_APPROACHABLE_CONCURRENCY = YES;
				SWIFT_EMIT_LOC_STRINGS = NO;
				SWIFT_UPCOMING_FEATURE_MEMBER_IMPORT_VISIBILITY = YES;
				SWIFT_VERSION = 5.0;
				TARGETED_DEVICE_FAMILY = "1,2";
				TEST_TARGET_NAME = SelectMovie;
			};
			name = Debug;
		};
		7FEF9F1B2F45C6E900562349 /* Release */ = {
			isa = XCBuildConfiguration;
			buildSettings = {
				CODE_SIGN_STYLE = Automatic;
				CURRENT_PROJECT_VERSION = 1;
				DEVELOPMENT_TEAM = PMH4BMTLXF;
				GENERATE_INFOPLIST_FILE = YES;
				MARKETING_VERSION = 1.0;
				PRODUCT_BUNDLE_IDENTIFIER = tejas.SelectMovieUITests;
				PRODUCT_NAME = "$(TARGET_NAME)";
				STRING_CATALOG_GENERATE_SYMBOLS = NO;
				SWIFT_APPROACHABLE_CONCURRENCY = YES;
				SWIFT_EMIT_LOC_STRINGS = NO;
				SWIFT_UPCOMING_FEATURE_MEMBER_IMPORT_VISIBILITY = YES;
				SWIFT_VERSION = 5.0;
				TARGETED_DEVICE_FAMILY = "1,2";
				TEST_TARGET_NAME = SelectMovie;
			};
			name = Release;
		};
/* End XCBuildConfiguration section */

/* Begin XCConfigurationList section */
		7FEF9EE32F45C6E700562349 /* Build configuration list for PBXProject "SelectMovie" */ = {
			isa = XCConfigurationList;
			buildConfigurations = (
				7FEF9F142F45C6E900562349 /* Debug */,
				7FEF9F152F45C6E900562349 /* Release */,
			);
			defaultConfigurationIsVisible = 0;
			defaultConfigurationName = Release;
		};
		7FEF9F112F45C6E900562349 /* Build configuration list for PBXNativeTarget "SelectMovie" */ = {
			isa = XCConfigurationList;
			buildConfigurations = (
				7FEF9F122F45C6E900562349 /* Debug */,
				7FEF9F132F45C6E900562349 /* Release */,
			);
			defaultConfigurationIsVisible = 0;
			defaultConfigurationName = Release;
		};
		7FEF9F162F45C6E900562349 /* Build configuration list for PBXNativeTarget "SelectMovieTests" */ = {
			isa = XCConfigurationList;
			buildConfigurations = (
				7FEF9F172F45C6E900562349 /* Debug */,
				7FEF9F182F45C6E900562349 /* Release */,
			);
			defaultConfigurationIsVisible = 0;
			defaultConfigurationName = Release;
		};
		7FEF9F192F45C6E900562349 /* Build configuration list for PBXNativeTarget "SelectMovieUITests" */ = {
			isa = XCConfigurationList;
			buildConfigurations = (
				7FEF9F1A2F45C6E900562349 /* Debug */,
				7FEF9F1B2F45C6E900562349 /* Release */,
			);
			defaultConfigurationIsVisible = 0;
			defaultConfigurationName = Release;
		};
/* End XCConfigurationList section */

/* Begin XCRemoteSwiftPackageReference section */
		7F4EC5D42F47AA9600493A93 /* XCRemoteSwiftPackageReference "Alamofire" */ = {
			isa = XCRemoteSwiftPackageReference;
			repositoryURL = "https://github.com/Alamofire/Alamofire.git";
			requirement = {
				kind = upToNextMajorVersion;
				minimumVersion = 5.11.1;
			};
		};
/* End XCRemoteSwiftPackageReference section */

/* Begin XCSwiftPackageProductDependency section */
		7F4EC5D52F47AA9600493A93 /* Alamofire */ = {
			isa = XCSwiftPackageProductDependency;
			package = 7F4EC5D42F47AA9600493A93 /* XCRemoteSwiftPackageReference "Alamofire" */;
			productName = Alamofire;
		};
		7F4EC5D72F47AA9600493A93 /* AlamofireDynamic */ = {
			isa = XCSwiftPackageProductDependency;
			package = 7F4EC5D42F47AA9600493A93 /* XCRemoteSwiftPackageReference "Alamofire" */;
			productName = AlamofireDynamic;
		};
/* End XCSwiftPackageProductDependency section */
	};
	rootObject = 7FEF9EE02F45C6E700562349 /* Project object */;
}
